
Microsoft Visual Studio Solution File, Format Version 12.00
# Visual Studio Version 17
VisualStudioVersion = 17.0.31912.275
MinimumVisualStudioVersion = 10.0.40219.1
Project("{9A19103F-16F7-4668-BE54-9A1E7A4F7556}") = "api-testsv1", "api-tests\api-testsv1.csproj", "{C267E97B-5DB2-4E07-8664-28C5470A46DE}"
EndProject
Project("{2150E333-8FDC-42A3-9474-1A3956D46DE8}") = "Solution Items", "Solution Items", "{CFC16E7B-A9D7-4158-B558-43E0479C5151}"
	ProjectSection(SolutionItems) = preProject
		.editorconfig = .editorconfig
		..\..\aspencopy\mobile\AspenMobile\AspenMobile\Views\AboutPage.xaml = ..\..\aspencopy\mobile\AspenMobile\AspenMobile\Views\AboutPage.xaml
		..\..\aspencopy\mobile\AspenMobile\AspenMobile\ViewModels\AboutViewModel.cs = ..\..\aspencopy\mobile\AspenMobile\AspenMobile\ViewModels\AboutViewModel.cs
		..\.github\workflows\clean-docker.yml = ..\.github\workflows\clean-docker.yml
		..\.github\workflows\deploy-staging.yml = ..\.github\workflows\deploy-staging.yml
		..\ops\testing\docker-compose.yml = ..\ops\testing\docker-compose.yml
		README.md = README.md
	EndProjectSection
EndProject
Project("{2150E333-8FDC-42A3-9474-1A3956D46DE8}") = "Docs", "Docs", "{E6B73D4E-3D3F-4555-8938-B0B0433A7C6B}"
	ProjectSection(SolutionItems) = preProject
		..\docs\datamodel.drawio = ..\docs\datamodel.drawio
		..\docs\design.md = ..\docs\design.md
		..\..\..\..\Downloads\stripe_diagram.drawio.xml = ..\..\..\..\Downloads\stripe_diagram.drawio.xml
		UserDrivenTests.md = UserDrivenTests.md
	EndProjectSection
EndProject
Project("{9A19103F-16F7-4668-BE54-9A1E7A4F7556}") = "shared", "shared\shared.csproj", "{2A8E367E-F1FA-4F7C-B269-E376119B36F4}"
EndProject
Project("{9A19103F-16F7-4668-BE54-9A1E7A4F7556}") = "v2", "combined\v2.csproj", "{07BCD18C-AE64-4223-807B-10BFC6141CD3}"
EndProject
Project("{9A19103F-16F7-4668-BE54-9A1E7A4F7556}") = "api-tests", "v2\api-tests\api-tests.csproj", "{E45E3381-F9BC-4532-AD70-6355614281B0}"
EndProject
Global
	GlobalSection(SolutionConfigurationPlatforms) = preSolution
		Debug|Any CPU = Debug|Any CPU
		Debug|ARM = Debug|ARM
		Debug|iPhone = Debug|iPhone
		Debug|iPhoneSimulator = Debug|iPhoneSimulator
		Debug|x64 = Debug|x64
		Debug|x86 = Debug|x86
		Release|Any CPU = Release|Any CPU
		Release|ARM = Release|ARM
		Release|iPhone = Release|iPhone
		Release|iPhoneSimulator = Release|iPhoneSimulator
		Release|x64 = Release|x64
		Release|x86 = Release|x86
	EndGlobalSection
	GlobalSection(ProjectConfigurationPlatforms) = postSolution
		{C267E97B-5DB2-4E07-8664-28C5470A46DE}.Debug|Any CPU.ActiveCfg = Debug|Any CPU
		{C267E97B-5DB2-4E07-8664-28C5470A46DE}.Debug|Any CPU.Build.0 = Debug|Any CPU
		{C267E97B-5DB2-4E07-8664-28C5470A46DE}.Debug|ARM.ActiveCfg = Debug|Any CPU
		{C267E97B-5DB2-4E07-8664-28C5470A46DE}.Debug|ARM.Build.0 = Debug|Any CPU
		{C267E97B-5DB2-4E07-8664-28C5470A46DE}.Debug|iPhone.ActiveCfg = Debug|Any CPU
		{C267E97B-5DB2-4E07-8664-28C5470A46DE}.Debug|iPhone.Build.0 = Debug|Any CPU
		{C267E97B-5DB2-4E07-8664-28C5470A46DE}.Debug|iPhoneSimulator.ActiveCfg = Debug|Any CPU
		{C267E97B-5DB2-4E07-8664-28C5470A46DE}.Debug|iPhoneSimulator.Build.0 = Debug|Any CPU
		{C267E97B-5DB2-4E07-8664-28C5470A46DE}.Debug|x64.ActiveCfg = Debug|Any CPU
		{C267E97B-5DB2-4E07-8664-28C5470A46DE}.Debug|x64.Build.0 = Debug|Any CPU
		{C267E97B-5DB2-4E07-8664-28C5470A46DE}.Debug|x86.ActiveCfg = Debug|Any CPU
		{C267E97B-5DB2-4E07-8664-28C5470A46DE}.Debug|x86.Build.0 = Debug|Any CPU
		{C267E97B-5DB2-4E07-8664-28C5470A46DE}.Release|Any CPU.ActiveCfg = Release|Any CPU
		{C267E97B-5DB2-4E07-8664-28C5470A46DE}.Release|Any CPU.Build.0 = Release|Any CPU
		{C267E97B-5DB2-4E07-8664-28C5470A46DE}.Release|ARM.ActiveCfg = Release|Any CPU
		{C267E97B-5DB2-4E07-8664-28C5470A46DE}.Release|ARM.Build.0 = Release|Any CPU
		{C267E97B-5DB2-4E07-8664-28C5470A46DE}.Release|iPhone.ActiveCfg = Release|Any CPU
		{C267E97B-5DB2-4E07-8664-28C5470A46DE}.Release|iPhone.Build.0 = Release|Any CPU
		{C267E97B-5DB2-4E07-8664-28C5470A46DE}.Release|iPhoneSimulator.ActiveCfg = Release|Any CPU
		{C267E97B-5DB2-4E07-8664-28C5470A46DE}.Release|iPhoneSimulator.Build.0 = Release|Any CPU
		{C267E97B-5DB2-4E07-8664-28C5470A46DE}.Release|x64.ActiveCfg = Release|Any CPU
		{C267E97B-5DB2-4E07-8664-28C5470A46DE}.Release|x64.Build.0 = Release|Any CPU
		{C267E97B-5DB2-4E07-8664-28C5470A46DE}.Release|x86.ActiveCfg = Release|Any CPU
		{C267E97B-5DB2-4E07-8664-28C5470A46DE}.Release|x86.Build.0 = Release|Any CPU
		{2A8E367E-F1FA-4F7C-B269-E376119B36F4}.Debug|Any CPU.ActiveCfg = Debug|Any CPU
		{2A8E367E-F1FA-4F7C-B269-E376119B36F4}.Debug|Any CPU.Build.0 = Debug|Any CPU
		{2A8E367E-F1FA-4F7C-B269-E376119B36F4}.Debug|ARM.ActiveCfg = Debug|Any CPU
		{2A8E367E-F1FA-4F7C-B269-E376119B36F4}.Debug|ARM.Build.0 = Debug|Any CPU
		{2A8E367E-F1FA-4F7C-B269-E376119B36F4}.Debug|iPhone.ActiveCfg = Debug|Any CPU
		{2A8E367E-F1FA-4F7C-B269-E376119B36F4}.Debug|iPhone.Build.0 = Debug|Any CPU
		{2A8E367E-F1FA-4F7C-B269-E376119B36F4}.Debug|iPhoneSimulator.ActiveCfg = Debug|Any CPU
		{2A8E367E-F1FA-4F7C-B269-E376119B36F4}.Debug|iPhoneSimulator.Build.0 = Debug|Any CPU
		{2A8E367E-F1FA-4F7C-B269-E376119B36F4}.Debug|x64.ActiveCfg = Debug|Any CPU
		{2A8E367E-F1FA-4F7C-B269-E376119B36F4}.Debug|x64.Build.0 = Debug|Any CPU
		{2A8E367E-F1FA-4F7C-B269-E376119B36F4}.Debug|x86.ActiveCfg = Debug|Any CPU
		{2A8E367E-F1FA-4F7C-B269-E376119B36F4}.Debug|x86.Build.0 = Debug|Any CPU
		{2A8E367E-F1FA-4F7C-B269-E376119B36F4}.Release|Any CPU.ActiveCfg = Release|Any CPU
		{2A8E367E-F1FA-4F7C-B269-E376119B36F4}.Release|Any CPU.Build.0 = Release|Any CPU
		{2A8E367E-F1FA-4F7C-B269-E376119B36F4}.Release|ARM.ActiveCfg = Release|Any CPU
		{2A8E367E-F1FA-4F7C-B269-E376119B36F4}.Release|ARM.Build.0 = Release|Any CPU
		{2A8E367E-F1FA-4F7C-B269-E376119B36F4}.Release|iPhone.ActiveCfg = Release|Any CPU
		{2A8E367E-F1FA-4F7C-B269-E376119B36F4}.Release|iPhone.Build.0 = Release|Any CPU
		{2A8E367E-F1FA-4F7C-B269-E376119B36F4}.Release|iPhoneSimulator.ActiveCfg = Release|Any CPU
		{2A8E367E-F1FA-4F7C-B269-E376119B36F4}.Release|iPhoneSimulator.Build.0 = Release|Any CPU
		{2A8E367E-F1FA-4F7C-B269-E376119B36F4}.Release|x64.ActiveCfg = Release|Any CPU
		{2A8E367E-F1FA-4F7C-B269-E376119B36F4}.Release|x64.Build.0 = Release|Any CPU
		{2A8E367E-F1FA-4F7C-B269-E376119B36F4}.Release|x86.ActiveCfg = Release|Any CPU
		{2A8E367E-F1FA-4F7C-B269-E376119B36F4}.Release|x86.Build.0 = Release|Any CPU
		{07BCD18C-AE64-4223-807B-10BFC6141CD3}.Debug|Any CPU.ActiveCfg = Debug|Any CPU
		{07BCD18C-AE64-4223-807B-10BFC6141CD3}.Debug|Any CPU.Build.0 = Debug|Any CPU
		{07BCD18C-AE64-4223-807B-10BFC6141CD3}.Debug|ARM.ActiveCfg = Debug|Any CPU
		{07BCD18C-AE64-4223-807B-10BFC6141CD3}.Debug|ARM.Build.0 = Debug|Any CPU
		{07BCD18C-AE64-4223-807B-10BFC6141CD3}.Debug|iPhone.ActiveCfg = Debug|Any CPU
		{07BCD18C-AE64-4223-807B-10BFC6141CD3}.Debug|iPhone.Build.0 = Debug|Any CPU
		{07BCD18C-AE64-4223-807B-10BFC6141CD3}.Debug|iPhoneSimulator.ActiveCfg = Debug|Any CPU
		{07BCD18C-AE64-4223-807B-10BFC6141CD3}.Debug|iPhoneSimulator.Build.0 = Debug|Any CPU
		{07BCD18C-AE64-4223-807B-10BFC6141CD3}.Debug|x64.ActiveCfg = Debug|Any CPU
		{07BCD18C-AE64-4223-807B-10BFC6141CD3}.Debug|x64.Build.0 = Debug|Any CPU
		{07BCD18C-AE64-4223-807B-10BFC6141CD3}.Debug|x86.ActiveCfg = Debug|Any CPU
		{07BCD18C-AE64-4223-807B-10BFC6141CD3}.Debug|x86.Build.0 = Debug|Any CPU
		{07BCD18C-AE64-4223-807B-10BFC6141CD3}.Release|Any CPU.ActiveCfg = Release|Any CPU
		{07BCD18C-AE64-4223-807B-10BFC6141CD3}.Release|Any CPU.Build.0 = Release|Any CPU
		{07BCD18C-AE64-4223-807B-10BFC6141CD3}.Release|ARM.ActiveCfg = Release|Any CPU
		{07BCD18C-AE64-4223-807B-10BFC6141CD3}.Release|ARM.Build.0 = Release|Any CPU
		{07BCD18C-AE64-4223-807B-10BFC6141CD3}.Release|iPhone.ActiveCfg = Release|Any CPU
		{07BCD18C-AE64-4223-807B-10BFC6141CD3}.Release|iPhone.Build.0 = Release|Any CPU
		{07BCD18C-AE64-4223-807B-10BFC6141CD3}.Release|iPhoneSimulator.ActiveCfg = Release|Any CPU
		{07BCD18C-AE64-4223-807B-10BFC6141CD3}.Release|iPhoneSimulator.Build.0 = Release|Any CPU
		{07BCD18C-AE64-4223-807B-10BFC6141CD3}.Release|x64.ActiveCfg = Release|Any CPU
		{07BCD18C-AE64-4223-807B-10BFC6141CD3}.Release|x64.Build.0 = Release|Any CPU
		{07BCD18C-AE64-4223-807B-10BFC6141CD3}.Release|x86.ActiveCfg = Release|Any CPU
		{07BCD18C-AE64-4223-807B-10BFC6141CD3}.Release|x86.Build.0 = Release|Any CPU
		{E45E3381-F9BC-4532-AD70-6355614281B0}.Debug|Any CPU.ActiveCfg = Debug|Any CPU
		{E45E3381-F9BC-4532-AD70-6355614281B0}.Debug|Any CPU.Build.0 = Debug|Any CPU
		{E45E3381-F9BC-4532-AD70-6355614281B0}.Debug|ARM.ActiveCfg = Debug|Any CPU
		{E45E3381-F9BC-4532-AD70-6355614281B0}.Debug|ARM.Build.0 = Debug|Any CPU
		{E45E3381-F9BC-4532-AD70-6355614281B0}.Debug|iPhone.ActiveCfg = Debug|Any CPU
		{E45E3381-F9BC-4532-AD70-6355614281B0}.Debug|iPhone.Build.0 = Debug|Any CPU
		{E45E3381-F9BC-4532-AD70-6355614281B0}.Debug|iPhoneSimulator.ActiveCfg = Debug|Any CPU
		{E45E3381-F9BC-4532-AD70-6355614281B0}.Debug|iPhoneSimulator.Build.0 = Debug|Any CPU
		{E45E3381-F9BC-4532-AD70-6355614281B0}.Debug|x64.ActiveCfg = Debug|Any CPU
		{E45E3381-F9BC-4532-AD70-6355614281B0}.Debug|x64.Build.0 = Debug|Any CPU
		{E45E3381-F9BC-4532-AD70-6355614281B0}.Debug|x86.ActiveCfg = Debug|Any CPU
		{E45E3381-F9BC-4532-AD70-6355614281B0}.Debug|x86.Build.0 = Debug|Any CPU
		{E45E3381-F9BC-4532-AD70-6355614281B0}.Release|Any CPU.ActiveCfg = Release|Any CPU
		{E45E3381-F9BC-4532-AD70-6355614281B0}.Release|Any CPU.Build.0 = Release|Any CPU
		{E45E3381-F9BC-4532-AD70-6355614281B0}.Release|ARM.ActiveCfg = Release|Any CPU
		{E45E3381-F9BC-4532-AD70-6355614281B0}.Release|ARM.Build.0 = Release|Any CPU
		{E45E3381-F9BC-4532-AD70-6355614281B0}.Release|iPhone.ActiveCfg = Release|Any CPU
		{E45E3381-F9BC-4532-AD70-6355614281B0}.Release|iPhone.Build.0 = Release|Any CPU
		{E45E3381-F9BC-4532-AD70-6355614281B0}.Release|iPhoneSimulator.ActiveCfg = Release|Any CPU
		{E45E3381-F9BC-4532-AD70-6355614281B0}.Release|iPhoneSimulator.Build.0 = Release|Any CPU
		{E45E3381-F9BC-4532-AD70-6355614281B0}.Release|x64.ActiveCfg = Release|Any CPU
		{E45E3381-F9BC-4532-AD70-6355614281B0}.Release|x64.Build.0 = Release|Any CPU
		{E45E3381-F9BC-4532-AD70-6355614281B0}.Release|x86.ActiveCfg = Release|Any CPU
		{E45E3381-F9BC-4532-AD70-6355614281B0}.Release|x86.Build.0 = Release|Any CPU
	EndGlobalSection
	GlobalSection(SolutionProperties) = preSolution
		HideSolutionNode = FALSE
	EndGlobalSection
	GlobalSection(ExtensibilityGlobals) = postSolution
		SolutionGuid = {6AC3CA9E-203D-41C7-97DC-A456E5946390}
	EndGlobalSection
EndGlobal
